// !$*UTF8*$!
{
	archiveVersion = 1;
	classes = {
	};
	objectVersion = 51;
	objects = {

/* Begin PBXBuildFile section */
		0441C77224EE7C4C00A5E52F /* AppDelegate.swift in Sources */ = {isa = PBXBuildFile; fileRef = 0441C77124EE7C4C00A5E52F /* AppDelegate.swift */; };
		0441C77624EE7C4C00A5E52F /* ViewController.swift in Sources */ = {isa = PBXBuildFile; fileRef = 0441C77524EE7C4C00A5E52F /* ViewController.swift */; };
		0441C77924EE7C4C00A5E52F /* Main.storyboard in Resources */ = {isa = PBXBuildFile; fileRef = 0441C77724EE7C4C00A5E52F /* Main.storyboard */; };
		0441C77B24EE7C4E00A5E52F /* Assets.xcassets in Resources */ = {isa = PBXBuildFile; fileRef = 0441C77A24EE7C4E00A5E52F /* Assets.xcassets */; };
		0441C77E24EE7C4E00A5E52F /* LaunchScreen.storyboard in Resources */ = {isa = PBXBuildFile; fileRef = 0441C77C24EE7C4E00A5E52F /* LaunchScreen.storyboard */; };
		0441C78924EE7C4E00A5E52F /* MAJIProjectTests.swift in Sources */ = {isa = PBXBuildFile; fileRef = 0441C78824EE7C4E00A5E52F /* MAJIProjectTests.swift */; };
		0441C79424EE7C4E00A5E52F /* MAJIProjectUITests.swift in Sources */ = {isa = PBXBuildFile; fileRef = 0441C79324EE7C4E00A5E52F /* MAJIProjectUITests.swift */; };
		04C761D724EF63D6003A9C8F /* BaseTableViewController.swift in Sources */ = {isa = PBXBuildFile; fileRef = 04C761D624EF63D6003A9C8F /* BaseTableViewController.swift */; };
		04C761D924EF695B003A9C8F /* HistoryViewController.swift in Sources */ = {isa = PBXBuildFile; fileRef = 04C761D824EF695B003A9C8F /* HistoryViewController.swift */; };
		04C761DC24EF9D7F003A9C8F /* ShowUrlTableViewCell.swift in Sources */ = {isa = PBXBuildFile; fileRef = 04C761DA24EF9D7F003A9C8F /* ShowUrlTableViewCell.swift */; };
		04C761DD24EF9D7F003A9C8F /* ShowUrlTableViewCell.xib in Resources */ = {isa = PBXBuildFile; fileRef = 04C761DB24EF9D7F003A9C8F /* ShowUrlTableViewCell.xib */; };
		04C761DF24EF9EBB003A9C8F /* TableViewSectionView.swift in Sources */ = {isa = PBXBuildFile; fileRef = 04C761DE24EF9EBB003A9C8F /* TableViewSectionView.swift */; };
		04C761E124EFA5D1003A9C8F /* GroupModel.swift in Sources */ = {isa = PBXBuildFile; fileRef = 04C761E024EFA5D1003A9C8F /* GroupModel.swift */; };
		04C761E324EFBCE7003A9C8F /* RefreshHeader.swift in Sources */ = {isa = PBXBuildFile; fileRef = 04C761E224EFBCE7003A9C8F /* RefreshHeader.swift */; };
		AD6DD97B0464FB39EA96570D /* Pods_MAJIProject.framework in Frameworks */ = {isa = PBXBuildFile; fileRef = 013CC7EEC5826898D5D71670 /* Pods_MAJIProject.framework */; };
		B8EC66DF24EEAACB0046C3DB /* NetworkClient.swift in Sources */ = {isa = PBXBuildFile; fileRef = B8EC66DE24EEAACB0046C3DB /* NetworkClient.swift */; };
		B8EC66E324EEB0390046C3DB /* MAJIService.swift in Sources */ = {isa = PBXBuildFile; fileRef = B8EC66E224EEB0390046C3DB /* MAJIService.swift */; };
		B8EC66E524EEB5F50046C3DB /* BaseRequestAPI.swift in Sources */ = {isa = PBXBuildFile; fileRef = B8EC66E424EEB5F50046C3DB /* BaseRequestAPI.swift */; };
		B8EC66E724EEB6040046C3DB /* APPDefinition.swift in Sources */ = {isa = PBXBuildFile; fileRef = B8EC66E624EEB6040046C3DB /* APPDefinition.swift */; };
		B8EC66E924EEB6890046C3DB /* HomeModel.swift in Sources */ = {isa = PBXBuildFile; fileRef = B8EC66E824EEB6890046C3DB /* HomeModel.swift */; };
		B8EC66EB24EEBF2A0046C3DB /* FMDBManager.swift in Sources */ = {isa = PBXBuildFile; fileRef = B8EC66EA24EEBF2A0046C3DB /* FMDBManager.swift */; };
/* End PBXBuildFile section */

/* Begin PBXContainerItemProxy section */
		0441C78524EE7C4E00A5E52F /* PBXContainerItemProxy */ = {
			isa = PBXContainerItemProxy;
			containerPortal = 0441C76624EE7C4C00A5E52F /* Project object */;
			proxyType = 1;
			remoteGlobalIDString = 0441C76D24EE7C4C00A5E52F;
			remoteInfo = MAJIProject;
		};
		0441C79024EE7C4E00A5E52F /* PBXContainerItemProxy */ = {
			isa = PBXContainerItemProxy;
			containerPortal = 0441C76624EE7C4C00A5E52F /* Project object */;
			proxyType = 1;
			remoteGlobalIDString = 0441C76D24EE7C4C00A5E52F;
			remoteInfo = MAJIProject;
		};
/* End PBXContainerItemProxy section */

/* Begin PBXFileReference section */
		013CC7EEC5826898D5D71670 /* Pods_MAJIProject.framework */ = {isa = PBXFileReference; explicitFileType = wrapper.framework; includeInIndex = 0; path = Pods_MAJIProject.framework; sourceTree = BUILT_PRODUCTS_DIR; };
		0441C76E24EE7C4C00A5E52F /* MAJIProject.app */ = {isa = PBXFileReference; explicitFileType = wrapper.application; includeInIndex = 0; path = MAJIProject.app; sourceTree = BUILT_PRODUCTS_DIR; };
		0441C77124EE7C4C00A5E52F /* AppDelegate.swift */ = {isa = PBXFileReference; lastKnownFileType = sourcecode.swift; path = AppDelegate.swift; sourceTree = "<group>"; };
		0441C77524EE7C4C00A5E52F /* ViewController.swift */ = {isa = PBXFileReference; lastKnownFileType = sourcecode.swift; path = ViewController.swift; sourceTree = "<group>"; };
		0441C77824EE7C4C00A5E52F /* Base */ = {isa = PBXFileReference; lastKnownFileType = file.storyboard; name = Base; path = Base.lproj/Main.storyboard; sourceTree = "<group>"; };
		0441C77A24EE7C4E00A5E52F /* Assets.xcassets */ = {isa = PBXFileReference; lastKnownFileType = folder.assetcatalog; path = Assets.xcassets; sourceTree = "<group>"; };
		0441C77D24EE7C4E00A5E52F /* Base */ = {isa = PBXFileReference; lastKnownFileType = file.storyboard; name = Base; path = Base.lproj/LaunchScreen.storyboard; sourceTree = "<group>"; };
		0441C77F24EE7C4E00A5E52F /* Info.plist */ = {isa = PBXFileReference; lastKnownFileType = text.plist.xml; path = Info.plist; sourceTree = "<group>"; };
		0441C78424EE7C4E00A5E52F /* MAJIProjectTests.xctest */ = {isa = PBXFileReference; explicitFileType = wrapper.cfbundle; includeInIndex = 0; path = MAJIProjectTests.xctest; sourceTree = BUILT_PRODUCTS_DIR; };
		0441C78824EE7C4E00A5E52F /* MAJIProjectTests.swift */ = {isa = PBXFileReference; lastKnownFileType = sourcecode.swift; path = MAJIProjectTests.swift; sourceTree = "<group>"; };
		0441C78A24EE7C4E00A5E52F /* Info.plist */ = {isa = PBXFileReference; lastKnownFileType = text.plist.xml; path = Info.plist; sourceTree = "<group>"; };
		0441C78F24EE7C4E00A5E52F /* MAJIProjectUITests.xctest */ = {isa = PBXFileReference; explicitFileType = wrapper.cfbundle; includeInIndex = 0; path = MAJIProjectUITests.xctest; sourceTree = BUILT_PRODUCTS_DIR; };
		0441C79324EE7C4E00A5E52F /* MAJIProjectUITests.swift */ = {isa = PBXFileReference; lastKnownFileType = sourcecode.swift; path = MAJIProjectUITests.swift; sourceTree = "<group>"; };
		0441C79524EE7C4E00A5E52F /* Info.plist */ = {isa = PBXFileReference; lastKnownFileType = text.plist.xml; path = Info.plist; sourceTree = "<group>"; };
		04C761D624EF63D6003A9C8F /* BaseTableViewController.swift */ = {isa = PBXFileReference; lastKnownFileType = sourcecode.swift; path = BaseTableViewController.swift; sourceTree = "<group>"; };
		04C761D824EF695B003A9C8F /* HistoryViewController.swift */ = {isa = PBXFileReference; lastKnownFileType = sourcecode.swift; path = HistoryViewController.swift; sourceTree = "<group>"; };
		04C761DA24EF9D7F003A9C8F /* ShowUrlTableViewCell.swift */ = {isa = PBXFileReference; lastKnownFileType = sourcecode.swift; name = ShowUrlTableViewCell.swift; path = MAJIProject/Controller/ShowUrlTableViewCell.swift; sourceTree = SOURCE_ROOT; };
		04C761DB24EF9D7F003A9C8F /* ShowUrlTableViewCell.xib */ = {isa = PBXFileReference; lastKnownFileType = file.xib; name = ShowUrlTableViewCell.xib; path = MAJIProject/Controller/ShowUrlTableViewCell.xib; sourceTree = SOURCE_ROOT; };
		04C761DE24EF9EBB003A9C8F /* TableViewSectionView.swift */ = {isa = PBXFileReference; lastKnownFileType = sourcecode.swift; name = TableViewSectionView.swift; path = MAJIProject/Controller/TableViewSectionView.swift; sourceTree = SOURCE_ROOT; };
		04C761E024EFA5D1003A9C8F /* GroupModel.swift */ = {isa = PBXFileReference; lastKnownFileType = sourcecode.swift; path = GroupModel.swift; sourceTree = "<group>"; };
		04C761E224EFBCE7003A9C8F /* RefreshHeader.swift */ = {isa = PBXFileReference; lastKnownFileType = sourcecode.swift; path = RefreshHeader.swift; sourceTree = "<group>"; };
		752080B1ED49CEB3EBFCFAE1 /* Pods-MAJIProject.debug.xcconfig */ = {isa = PBXFileReference; includeInIndex = 1; lastKnownFileType = text.xcconfig; name = "Pods-MAJIProject.debug.xcconfig"; path = "Target Support Files/Pods-MAJIProject/Pods-MAJIProject.debug.xcconfig"; sourceTree = "<group>"; };
		A8BB3959B2FF85EC728CE6F4 /* Pods-MAJIProject.release.xcconfig */ = {isa = PBXFileReference; includeInIndex = 1; lastKnownFileType = text.xcconfig; name = "Pods-MAJIProject.release.xcconfig"; path = "Target Support Files/Pods-MAJIProject/Pods-MAJIProject.release.xcconfig"; sourceTree = "<group>"; };
		B8EC66D524EEA3EF0046C3DB /* MAJIProject-Bridging-Header.h */ = {isa = PBXFileReference; lastKnownFileType = sourcecode.c.h; path = "MAJIProject-Bridging-Header.h"; sourceTree = "<group>"; };
		B8EC66DE24EEAACB0046C3DB /* NetworkClient.swift */ = {isa = PBXFileReference; lastKnownFileType = sourcecode.swift; path = NetworkClient.swift; sourceTree = "<group>"; };
		B8EC66E224EEB0390046C3DB /* MAJIService.swift */ = {isa = PBXFileReference; lastKnownFileType = sourcecode.swift; path = MAJIService.swift; sourceTree = "<group>"; };
		B8EC66E424EEB5F50046C3DB /* BaseRequestAPI.swift */ = {isa = PBXFileReference; lastKnownFileType = sourcecode.swift; path = BaseRequestAPI.swift; sourceTree = "<group>"; };
		B8EC66E624EEB6040046C3DB /* APPDefinition.swift */ = {isa = PBXFileReference; lastKnownFileType = sourcecode.swift; path = APPDefinition.swift; sourceTree = "<group>"; };
		B8EC66E824EEB6890046C3DB /* HomeModel.swift */ = {isa = PBXFileReference; lastKnownFileType = sourcecode.swift; path = HomeModel.swift; sourceTree = "<group>"; };
		B8EC66EA24EEBF2A0046C3DB /* FMDBManager.swift */ = {isa = PBXFileReference; lastKnownFileType = sourcecode.swift; path = FMDBManager.swift; sourceTree = "<group>"; };
/* End PBXFileReference section */

/* Begin PBXFrameworksBuildPhase section */
		0441C76B24EE7C4C00A5E52F /* Frameworks */ = {
			isa = PBXFrameworksBuildPhase;
			buildActionMask = 2147483647;
			files = (
				AD6DD97B0464FB39EA96570D /* Pods_MAJIProject.framework in Frameworks */,
			);
			runOnlyForDeploymentPostprocessing = 0;
		};
		0441C78124EE7C4E00A5E52F /* Frameworks */ = {
			isa = PBXFrameworksBuildPhase;
			buildActionMask = 2147483647;
			files = (
			);
			runOnlyForDeploymentPostprocessing = 0;
		};
		0441C78C24EE7C4E00A5E52F /* Frameworks */ = {
			isa = PBXFrameworksBuildPhase;
			buildActionMask = 2147483647;
			files = (
			);
			runOnlyForDeploymentPostprocessing = 0;
		};
/* End PBXFrameworksBuildPhase section */

/* Begin PBXGroup section */
		0441C76524EE7C4C00A5E52F = {
			isa = PBXGroup;
			children = (
				0441C77024EE7C4C00A5E52F /* MAJIProject */,
				0441C78724EE7C4E00A5E52F /* MAJIProjectTests */,
				0441C79224EE7C4E00A5E52F /* MAJIProjectUITests */,
				0441C76F24EE7C4C00A5E52F /* Products */,
				39A680EA313443DA09D3B216 /* Pods */,
				E5299620D140536E431CC533 /* Frameworks */,
			);
			sourceTree = "<group>";
		};
		0441C76F24EE7C4C00A5E52F /* Products */ = {
			isa = PBXGroup;
			children = (
				0441C76E24EE7C4C00A5E52F /* MAJIProject.app */,
				0441C78424EE7C4E00A5E52F /* MAJIProjectTests.xctest */,
				0441C78F24EE7C4E00A5E52F /* MAJIProjectUITests.xctest */,
			);
			name = Products;
			sourceTree = "<group>";
		};
		0441C77024EE7C4C00A5E52F /* MAJIProject */ = {
			isa = PBXGroup;
			children = (
				04C761D524EF63B9003A9C8F /* Controller */,
				B8EC66DD24EEAA810046C3DB /* Tools */,
				B8EC66DC24EEA7420046C3DB /* HTTPService */,
				B8EC66DB24EEA73C0046C3DB /* View */,
				B8EC66DA24EEA7310046C3DB /* Model */,
				0441C77124EE7C4C00A5E52F /* AppDelegate.swift */,
				0441C77724EE7C4C00A5E52F /* Main.storyboard */,
				0441C77A24EE7C4E00A5E52F /* Assets.xcassets */,
				0441C77C24EE7C4E00A5E52F /* LaunchScreen.storyboard */,
				0441C77F24EE7C4E00A5E52F /* Info.plist */,
				B8EC66D524EEA3EF0046C3DB /* MAJIProject-Bridging-Header.h */,
			);
			path = MAJIProject;
			sourceTree = "<group>";
		};
		0441C78724EE7C4E00A5E52F /* MAJIProjectTests */ = {
			isa = PBXGroup;
			children = (
				0441C78824EE7C4E00A5E52F /* MAJIProjectTests.swift */,
				0441C78A24EE7C4E00A5E52F /* Info.plist */,
			);
			path = MAJIProjectTests;
			sourceTree = "<group>";
		};
		0441C79224EE7C4E00A5E52F /* MAJIProjectUITests */ = {
			isa = PBXGroup;
			children = (
				0441C79324EE7C4E00A5E52F /* MAJIProjectUITests.swift */,
				0441C79524EE7C4E00A5E52F /* Info.plist */,
			);
			path = MAJIProjectUITests;
			sourceTree = "<group>";
		};
		04C761D524EF63B9003A9C8F /* Controller */ = {
			isa = PBXGroup;
			children = (
				04C761D624EF63D6003A9C8F /* BaseTableViewController.swift */,
				0441C77524EE7C4C00A5E52F /* ViewController.swift */,
				04C761D824EF695B003A9C8F /* HistoryViewController.swift */,
			);
			path = Controller;
			sourceTree = "<group>";
		};
		39A680EA313443DA09D3B216 /* Pods */ = {
			isa = PBXGroup;
			children = (
				752080B1ED49CEB3EBFCFAE1 /* Pods-MAJIProject.debug.xcconfig */,
				A8BB3959B2FF85EC728CE6F4 /* Pods-MAJIProject.release.xcconfig */,
			);
			path = Pods;
			sourceTree = "<group>";
		};
		B8EC66DA24EEA7310046C3DB /* Model */ = {
			isa = PBXGroup;
			children = (
				B8EC66E824EEB6890046C3DB /* HomeModel.swift */,
				04C761E024EFA5D1003A9C8F /* GroupModel.swift */,
			);
			path = Model;
			sourceTree = "<group>";
		};
		B8EC66DB24EEA73C0046C3DB /* View */ = {
			isa = PBXGroup;
			children = (
				04C761DA24EF9D7F003A9C8F /* ShowUrlTableViewCell.swift */,
				04C761DB24EF9D7F003A9C8F /* ShowUrlTableViewCell.xib */,
				04C761DE24EF9EBB003A9C8F /* TableViewSectionView.swift */,
			);
			path = View;
			sourceTree = "<group>";
		};
		B8EC66DC24EEA7420046C3DB /* HTTPService */ = {
			isa = PBXGroup;
			children = (
				B8EC66E224EEB0390046C3DB /* MAJIService.swift */,
			);
			path = HTTPService;
			sourceTree = "<group>";
		};
		B8EC66DD24EEAA810046C3DB /* Tools */ = {
			isa = PBXGroup;
			children = (
				B8EC66DE24EEAACB0046C3DB /* NetworkClient.swift */,
				B8EC66E424EEB5F50046C3DB /* BaseRequestAPI.swift */,
				B8EC66E624EEB6040046C3DB /* APPDefinition.swift */,
				B8EC66EA24EEBF2A0046C3DB /* FMDBManager.swift */,
				04C761E224EFBCE7003A9C8F /* RefreshHeader.swift */,
			);
			path = Tools;
			sourceTree = "<group>";
		};
		E5299620D140536E431CC533 /* Frameworks */ = {
			isa = PBXGroup;
			children = (
				013CC7EEC5826898D5D71670 /* Pods_MAJIProject.framework */,
			);
			name = Frameworks;
			sourceTree = "<group>";
		};
/* End PBXGroup section */

/* Begin PBXNativeTarget section */
		0441C76D24EE7C4C00A5E52F /* MAJIProject */ = {
			isa = PBXNativeTarget;
			buildConfigurationList = 0441C79824EE7C4E00A5E52F /* Build configuration list for PBXNativeTarget "MAJIProject" */;
			buildPhases = (
				00CDA88EEC67E10262B86485 /* [CP] Check Pods Manifest.lock */,
				0441C76A24EE7C4C00A5E52F /* Sources */,
				0441C76B24EE7C4C00A5E52F /* Frameworks */,
				0441C76C24EE7C4C00A5E52F /* Resources */,
				EF8C7153B10E23D834FB3E9B /* [CP] Embed Pods Frameworks */,
			);
			buildRules = (
			);
			dependencies = (
			);
			name = MAJIProject;
			productName = MAJIProject;
			productReference = 0441C76E24EE7C4C00A5E52F /* MAJIProject.app */;
			productType = "com.apple.product-type.application";
		};
		0441C78324EE7C4E00A5E52F /* MAJIProjectTests */ = {
			isa = PBXNativeTarget;
			buildConfigurationList = 0441C79B24EE7C4E00A5E52F /* Build configuration list for PBXNativeTarget "MAJIProjectTests" */;
			buildPhases = (
				0441C78024EE7C4E00A5E52F /* Sources */,
				0441C78124EE7C4E00A5E52F /* Frameworks */,
				0441C78224EE7C4E00A5E52F /* Resources */,
			);
			buildRules = (
			);
			dependencies = (
				0441C78624EE7C4E00A5E52F /* PBXTargetDependency */,
			);
			name = MAJIProjectTests;
			productName = MAJIProjectTests;
			productReference = 0441C78424EE7C4E00A5E52F /* MAJIProjectTests.xctest */;
			productType = "com.apple.product-type.bundle.unit-test";
		};
		0441C78E24EE7C4E00A5E52F /* MAJIProjectUITests */ = {
			isa = PBXNativeTarget;
			buildConfigurationList = 0441C79E24EE7C4E00A5E52F /* Build configuration list for PBXNativeTarget "MAJIProjectUITests" */;
			buildPhases = (
				0441C78B24EE7C4E00A5E52F /* Sources */,
				0441C78C24EE7C4E00A5E52F /* Frameworks */,
				0441C78D24EE7C4E00A5E52F /* Resources */,
			);
			buildRules = (
			);
			dependencies = (
				0441C79124EE7C4E00A5E52F /* PBXTargetDependency */,
			);
			name = MAJIProjectUITests;
			productName = MAJIProjectUITests;
			productReference = 0441C78F24EE7C4E00A5E52F /* MAJIProjectUITests.xctest */;
			productType = "com.apple.product-type.bundle.ui-testing";
		};
/* End PBXNativeTarget section */

/* Begin PBXProject section */
		0441C76624EE7C4C00A5E52F /* Project object */ = {
			isa = PBXProject;
			attributes = {
				LastSwiftUpdateCheck = 1160;
				LastUpgradeCheck = 1160;
				ORGANIZATIONNAME = Mac;
				TargetAttributes = {
					0441C76D24EE7C4C00A5E52F = {
						CreatedOnToolsVersion = 11.6;
						LastSwiftMigration = 1150;
					};
					0441C78324EE7C4E00A5E52F = {
						CreatedOnToolsVersion = 11.6;
						TestTargetID = 0441C76D24EE7C4C00A5E52F;
					};
					0441C78E24EE7C4E00A5E52F = {
						CreatedOnToolsVersion = 11.6;
						TestTargetID = 0441C76D24EE7C4C00A5E52F;
					};
				};
			};
			buildConfigurationList = 0441C76924EE7C4C00A5E52F /* Build configuration list for PBXProject "MAJIProject" */;
			compatibilityVersion = "Xcode 9.3";
			developmentRegion = en;
			hasScannedForEncodings = 0;
			knownRegions = (
				en,
				Base,
			);
			mainGroup = 0441C76524EE7C4C00A5E52F;
			productRefGroup = 0441C76F24EE7C4C00A5E52F /* Products */;
			projectDirPath = "";
			projectRoot = "";
			targets = (
				0441C76D24EE7C4C00A5E52F /* MAJIProject */,
				0441C78324EE7C4E00A5E52F /* MAJIProjectTests */,
				0441C78E24EE7C4E00A5E52F /* MAJIProjectUITests */,
			);
		};
/* End PBXProject section */

/* Begin PBXResourcesBuildPhase section */
		0441C76C24EE7C4C00A5E52F /* Resources */ = {
			isa = PBXResourcesBuildPhase;
			buildActionMask = 2147483647;
			files = (
				04C761DD24EF9D7F003A9C8F /* ShowUrlTableViewCell.xib in Resources */,
				0441C77E24EE7C4E00A5E52F /* LaunchScreen.storyboard in Resources */,
				0441C77B24EE7C4E00A5E52F /* Assets.xcassets in Resources */,
				0441C77924EE7C4C00A5E52F /* Main.storyboard in Resources */,
			);
			runOnlyForDeploymentPostprocessing = 0;
		};
		0441C78224EE7C4E00A5E52F /* Resources */ = {
			isa = PBXResourcesBuildPhase;
			buildActionMask = 2147483647;
			files = (
			);
			runOnlyForDeploymentPostprocessing = 0;
		};
		0441C78D24EE7C4E00A5E52F /* Resources */ = {
			isa = PBXResourcesBuildPhase;
			buildActionMask = 2147483647;
			files = (
			);
			runOnlyForDeploymentPostprocessing = 0;
		};
/* End PBXResourcesBuildPhase section */

/* Begin PBXShellScriptBuildPhase section */
		00CDA88EEC67E10262B86485 /* [CP] Check Pods Manifest.lock */ = {
			isa = PBXShellScriptBuildPhase;
			buildActionMask = 2147483647;
			files = (
			);
			inputFileListPaths = (
			);
			inputPaths = (
				"${PODS_PODFILE_DIR_PATH}/Podfile.lock",
				"${PODS_ROOT}/Manifest.lock",
			);
			name = "[CP] Check Pods Manifest.lock";
			outputFileListPaths = (
			);
			outputPaths = (
				"$(DERIVED_FILE_DIR)/Pods-MAJIProject-checkManifestLockResult.txt",
			);
			runOnlyForDeploymentPostprocessing = 0;
			shellPath = /bin/sh;
			shellScript = "diff \"${PODS_PODFILE_DIR_PATH}/Podfile.lock\" \"${PODS_ROOT}/Manifest.lock\" > /dev/null\nif [ $? != 0 ] ; then\n    # print error to STDERR\n    echo \"error: The sandbox is not in sync with the Podfile.lock. Run 'pod install' or update your CocoaPods installation.\" >&2\n    exit 1\nfi\n# This output is used by Xcode 'outputs' to avoid re-running this script phase.\necho \"SUCCESS\" > \"${SCRIPT_OUTPUT_FILE_0}\"\n";
			showEnvVarsInLog = 0;
		};
		EF8C7153B10E23D834FB3E9B /* [CP] Embed Pods Frameworks */ = {
			isa = PBXShellScriptBuildPhase;
			buildActionMask = 2147483647;
			files = (
			);
			inputFileListPaths = (
				"${PODS_ROOT}/Target Support Files/Pods-MAJIProject/Pods-MAJIProject-frameworks-${CONFIGURATION}-input-files.xcfilelist",
			);
			name = "[CP] Embed Pods Frameworks";
			outputFileListPaths = (
				"${PODS_ROOT}/Target Support Files/Pods-MAJIProject/Pods-MAJIProject-frameworks-${CONFIGURATION}-output-files.xcfilelist",
			);
			runOnlyForDeploymentPostprocessing = 0;
			shellPath = /bin/sh;
			shellScript = "\"${PODS_ROOT}/Target Support Files/Pods-MAJIProject/Pods-MAJIProject-frameworks.sh\"\n";
			showEnvVarsInLog = 0;
		};
/* End PBXShellScriptBuildPhase section */

/* Begin PBXSourcesBuildPhase section */
		0441C76A24EE7C4C00A5E52F /* Sources */ = {
			isa = PBXSourcesBuildPhase;
			buildActionMask = 2147483647;
			files = (
				04C761DF24EF9EBB003A9C8F /* TableViewSectionView.swift in Sources */,
				04C761D724EF63D6003A9C8F /* BaseTableViewController.swift in Sources */,
				B8EC66EB24EEBF2A0046C3DB /* FMDBManager.swift in Sources */,
				B8EC66E524EEB5F50046C3DB /* BaseRequestAPI.swift in Sources */,
				04C761D924EF695B003A9C8F /* HistoryViewController.swift in Sources */,
				0441C77624EE7C4C00A5E52F /* ViewController.swift in Sources */,
				B8EC66E724EEB6040046C3DB /* APPDefinition.swift in Sources */,
				B8EC66E924EEB6890046C3DB /* HomeModel.swift in Sources */,
				0441C77224EE7C4C00A5E52F /* AppDelegate.swift in Sources */,
				04C761E124EFA5D1003A9C8F /* GroupModel.swift in Sources */,
				B8EC66E324EEB0390046C3DB /* MAJIService.swift in Sources */,
				B8EC66DF24EEAACB0046C3DB /* NetworkClient.swift in Sources */,
				04C761E324EFBCE7003A9C8F /* RefreshHeader.swift in Sources */,
				04C761DC24EF9D7F003A9C8F /* ShowUrlTableViewCell.swift in Sources */,
			);
			runOnlyForDeploymentPostprocessing = 0;
		};
		0441C78024EE7C4E00A5E52F /* Sources */ = {
			isa = PBXSourcesBuildPhase;
			buildActionMask = 2147483647;
			files = (
				0441C78924EE7C4E00A5E52F /* MAJIProjectTests.swift in Sources */,
			);
			runOnlyForDeploymentPostprocessing = 0;
		};
		0441C78B24EE7C4E00A5E52F /* Sources */ = {
			isa = PBXSourcesBuildPhase;
			buildActionMask = 2147483647;
			files = (
				0441C79424EE7C4E00A5E52F /* MAJIProjectUITests.swift in Sources */,
			);
			runOnlyForDeploymentPostprocessing = 0;
		};
/* End PBXSourcesBuildPhase section */

/* Begin PBXTargetDependency section */
		0441C78624EE7C4E00A5E52F /* PBXTargetDependency */ = {
			isa = PBXTargetDependency;
			target = 0441C76D24EE7C4C00A5E52F /* MAJIProject */;
			targetProxy = 0441C78524EE7C4E00A5E52F /* PBXContainerItemProxy */;
		};
		0441C79124EE7C4E00A5E52F /* PBXTargetDependency */ = {
			isa = PBXTargetDependency;
			target = 0441C76D24EE7C4C00A5E52F /* MAJIProject */;
			targetProxy = 0441C79024EE7C4E00A5E52F /* PBXContainerItemProxy */;
		};
/* End PBXTargetDependency section */

/* Begin PBXVariantGroup section */
		0441C77724EE7C4C00A5E52F /* Main.storyboard */ = {
			isa = PBXVariantGroup;
			children = (
				0441C77824EE7C4C00A5E52F /* Base */,
			);
			name = Main.storyboard;
			sourceTree = "<group>";
		};
		0441C77C24EE7C4E00A5E52F /* LaunchScreen.storyboard */ = {
			isa = PBXVariantGroup;
			children = (
				0441C77D24EE7C4E00A5E52F /* Base */,
			);
			name = LaunchScreen.storyboard;
			sourceTree = "<group>";
		};
/* End PBXVariantGroup section */

/* Begin XCBuildConfiguration section */
		0441C79624EE7C4E00A5E52F /* Debug */ = {
			isa = XCBuildConfiguration;
			buildSettings = {
				ALWAYS_SEARCH_USER_PATHS = NO;
				CLANG_ANALYZER_NONNULL = YES;
				CLANG_ANALYZER_NUMBER_OBJECT_CONVERSION = YES_AGGRESSIVE;
				CLANG_CXX_LANGUAGE_STANDARD = "gnu++14";
				CLANG_CXX_LIBRARY = "libc++";
				CLANG_ENABLE_MODULES = YES;
				CLANG_ENABLE_OBJC_ARC = YES;
				CLANG_ENABLE_OBJC_WEAK = YES;
				CLANG_WARN_BLOCK_CAPTURE_AUTORELEASING = YES;
				CLANG_WARN_BOOL_CONVERSION = YES;
				CLANG_WARN_COMMA = YES;
				CLANG_WARN_CONSTANT_CONVERSION = YES;
				CLANG_WARN_DEPRECATED_OBJC_IMPLEMENTATIONS = YES;
				CLANG_WARN_DIRECT_OBJC_ISA_USAGE = YES_ERROR;
				CLANG_WARN_DOCUMENTATION_COMMENTS = YES;
				CLANG_WARN_EMPTY_BODY = YES;
				CLANG_WARN_ENUM_CONVERSION = YES;
				CLANG_WARN_INFINITE_RECURSION = YES;
				CLANG_WARN_INT_CONVERSION = YES;
				CLANG_WARN_NON_LITERAL_NULL_CONVERSION = YES;
				CLANG_WARN_OBJC_IMPLICIT_RETAIN_SELF = YES;
				CLANG_WARN_OBJC_LITERAL_CONVERSION = YES;
				CLANG_WARN_OBJC_ROOT_CLASS = YES_ERROR;
				CLANG_WARN_RANGE_LOOP_ANALYSIS = YES;
				CLANG_WARN_STRICT_PROTOTYPES = YES;
				CLANG_WARN_SUSPICIOUS_MOVE = YES;
				CLANG_WARN_UNGUARDED_AVAILABILITY = YES_AGGRESSIVE;
				CLANG_WARN_UNREACHABLE_CODE = YES;
				CLANG_WARN__DUPLICATE_METHOD_MATCH = YES;
				COPY_PHASE_STRIP = NO;
				DEBUG_INFORMATION_FORMAT = dwarf;
				ENABLE_STRICT_OBJC_MSGSEND = YES;
				ENABLE_TESTABILITY = YES;
				GCC_C_LANGUAGE_STANDARD = gnu11;
				GCC_DYNAMIC_NO_PIC = NO;
				GCC_NO_COMMON_BLOCKS = YES;
				GCC_OPTIMIZATION_LEVEL = 0;
				GCC_PREPROCESSOR_DEFINITIONS = (
					"DEBUG=1",
					"$(inherited)",
				);
				GCC_WARN_64_TO_32_BIT_CONVERSION = YES;
				GCC_WARN_ABOUT_RETURN_TYPE = YES_ERROR;
				GCC_WARN_UNDECLARED_SELECTOR = YES;
				GCC_WARN_UNINITIALIZED_AUTOS = YES_AGGRESSIVE;
				GCC_WARN_UNUSED_FUNCTION = YES;
				GCC_WARN_UNUSED_VARIABLE = YES;
				IPHONEOS_DEPLOYMENT_TARGET = 11.0;
				MTL_ENABLE_DEBUG_INFO = INCLUDE_SOURCE;
				MTL_FAST_MATH = YES;
				ONLY_ACTIVE_ARCH = YES;
				SDKROOT = iphoneos;
				SWIFT_ACTIVE_COMPILATION_CONDITIONS = DEBUG;
				SWIFT_OPTIMIZATION_LEVEL = "-Onone";
			};
			name = Debug;
		};
		0441C79724EE7C4E00A5E52F /* Release */ = {
			isa = XCBuildConfiguration;
			buildSettings = {
				ALWAYS_SEARCH_USER_PATHS = NO;
				CLANG_ANALYZER_NONNULL = YES;
				CLANG_ANALYZER_NUMBER_OBJECT_CONVERSION = YES_AGGRESSIVE;
				CLANG_CXX_LANGUAGE_STANDARD = "gnu++14";
				CLANG_CXX_LIBRARY = "libc++";
				CLANG_ENABLE_MODULES = YES;
				CLANG_ENABLE_OBJC_ARC = YES;
				CLANG_ENABLE_OBJC_WEAK = YES;
				CLANG_WARN_BLOCK_CAPTURE_AUTORELEASING = YES;
				CLANG_WARN_BOOL_CONVERSION = YES;
				CLANG_WARN_COMMA = YES;
				CLANG_WARN_CONSTANT_CONVERSION = YES;
				CLANG_WARN_DEPRECATED_OBJC_IMPLEMENTATIONS = YES;
				CLANG_WARN_DIRECT_OBJC_ISA_USAGE = YES_ERROR;
				CLANG_WARN_DOCUMENTATION_COMMENTS = YES;
				CLANG_WARN_EMPTY_BODY = YES;
				CLANG_WARN_ENUM_CONVERSION = YES;
				CLANG_WARN_INFINITE_RECURSION = YES;
				CLANG_WARN_INT_CONVERSION = YES;
				CLANG_WARN_NON_LITERAL_NULL_CONVERSION = YES;
				CLANG_WARN_OBJC_IMPLICIT_RETAIN_SELF = YES;
				CLANG_WARN_OBJC_LITERAL_CONVERSION = YES;
				CLANG_WARN_OBJC_ROOT_CLASS = YES_ERROR;
				CLANG_WARN_RANGE_LOOP_ANALYSIS = YES;
				CLANG_WARN_STRICT_PROTOTYPES = YES;
				CLANG_WARN_SUSPICIOUS_MOVE = YES;
				CLANG_WARN_UNGUARDED_AVAILABILITY = YES_AGGRESSIVE;
				CLANG_WARN_UNREACHABLE_CODE = YES;
				CLANG_WARN__DUPLICATE_METHOD_MATCH = YES;
				COPY_PHASE_STRIP = NO;
				DEBUG_INFORMATION_FORMAT = "dwarf-with-dsym";
				ENABLE_NS_ASSERTIONS = NO;
				ENABLE_STRICT_OBJC_MSGSEND = YES;
				GCC_C_LANGUAGE_STANDARD = gnu11;
				GCC_NO_COMMON_BLOCKS = YES;
				GCC_WARN_64_TO_32_BIT_CONVERSION = YES;
				GCC_WARN_ABOUT_RETURN_TYPE = YES_ERROR;
				GCC_WARN_UNDECLARED_SELECTOR = YES;
				GCC_WARN_UNINITIALIZED_AUTOS = YES_AGGRESSIVE;
				GCC_WARN_UNUSED_FUNCTION = YES;
				GCC_WARN_UNUSED_VARIABLE = YES;
				IPHONEOS_DEPLOYMENT_TARGET = 11.0;
				MTL_ENABLE_DEBUG_INFO = NO;
				MTL_FAST_MATH = YES;
				SDKROOT = iphoneos;
				SWIFT_COMPILATION_MODE = wholemodule;
				SWIFT_OPTIMIZATION_LEVEL = "-O";
				VALIDATE_PRODUCT = YES;
			};
			name = Release;
		};
		0441C79924EE7C4E00A5E52F /* Debug */ = {
			isa = XCBuildConfiguration;
			baseConfigurationReference = 752080B1ED49CEB3EBFCFAE1 /* Pods-MAJIProject.debug.xcconfig */;
			buildSettings = {
				ASSETCATALOG_COMPILER_APPICON_NAME = AppIcon;
				CLANG_ENABLE_MODULES = YES;
				CODE_SIGN_STYLE = Automatic;
				DEVELOPMENT_TEAM = 849Q9294D2;
				INFOPLIST_FILE = MAJIProject/Info.plist;
				LD_RUNPATH_SEARCH_PATHS = (
					"$(inherited)",
					"@executable_path/Frameworks",
				);
				PRODUCT_BUNDLE_IDENTIFIER = com.modu.MAJIProject;
				PRODUCT_NAME = "$(TARGET_NAME)";
				SWIFT_OBJC_BRIDGING_HEADER = "MAJIProject/MAJIProject-Bridging-Header.h";
				SWIFT_OPTIMIZATION_LEVEL = "-Onone";
				SWIFT_VERSION = 5.0;
				TARGETED_DEVICE_FAMILY = "1,2";
			};
			name = Debug;
		};
		0441C79A24EE7C4E00A5E52F /* Release */ = {
			isa = XCBuildConfiguration;
			baseConfigurationReference = A8BB3959B2FF85EC728CE6F4 /* Pods-MAJIProject.release.xcconfig */;
			buildSettings = {
				ASSETCATALOG_COMPILER_APPICON_NAME = AppIcon;
				CLANG_ENABLE_MODULES = YES;
				CODE_SIGN_STYLE = Automatic;
				DEVELOPMENT_TEAM = 849Q9294D2;
				INFOPLIST_FILE = MAJIProject/Info.plist;
				LD_RUNPATH_SEARCH_PATHS = (
					"$(inherited)",
					"@executable_path/Frameworks",
				);
				PRODUCT_BUNDLE_IDENTIFIER = com.modu.MAJIProject;
				PRODUCT_NAME = "$(TARGET_NAME)";
				SWIFT_OBJC_BRIDGING_HEADER = "MAJIProject/MAJIProject-Bridging-Header.h";
				SWIFT_VERSION = 5.0;
				TARGETED_DEVICE_FAMILY = "1,2";
			};
			name = Release;
		};
		0441C79C24EE7C4E00A5E52F /* Debug */ = {
			isa = XCBuildConfiguration;
			buildSettings = {
				ALWAYS_EMBED_SWIFT_STANDARD_LIBRARIES = YES;
				BUNDLE_LOADER = "$(TEST_HOST)";
				CODE_SIGN_STYLE = Automatic;
				DEVELOPMENT_TEAM = 849Q9294D2;
				INFOPLIST_FILE = MAJIProjectTests/Info.plist;
				IPHONEOS_DEPLOYMENT_TARGET = 13.6;
				LD_RUNPATH_SEARCH_PATHS = (
					"$(inherited)",
					"@executable_path/Frameworks",
					"@loader_path/Frameworks",
				);
				PRODUCT_BUNDLE_IDENTIFIER = com.modu.MAJIProjectTests;
				PRODUCT_NAME = "$(TARGET_NAME)";
				SWIFT_VERSION = 5.0;
				TARGETED_DEVICE_FAMILY = "1,2";
				TEST_HOST = "$(BUILT_PRODUCTS_DIR)/MAJIProject.app/MAJIProject";
			};
			name = Debug;
		};
		0441C79D24EE7C4E00A5E52F /* Release */ = {
			isa = XCBuildConfiguration;
			buildSettings = {
				ALWAYS_EMBED_SWIFT_STANDARD_LIBRARIES = YES;
				BUNDLE_LOADER = "$(TEST_HOST)";
				CODE_SIGN_STYLE = Automatic;
				DEVELOPMENT_TEAM = 849Q9294D2;
				INFOPLIST_FILE = MAJIProjectTests/Info.plist;
				IPHONEOS_DEPLOYMENT_TARGET = 13.6;
				LD_RUNPATH_SEARCH_PATHS = (
					"$(inherited)",
					"@executable_path/Frameworks",
					"@loader_path/Frameworks",
				);
				PRODUCT_BUNDLE_IDENTIFIER = com.modu.MAJIProjectTests;
				PRODUCT_NAME = "$(TARGET_NAME)";
				SWIFT_VERSION = 5.0;
				TARGETED_DEVICE_FAMILY = "1,2";
				TEST_HOST = "$(BUILT_PRODUCTS_DIR)/MAJIProject.app/MAJIProject";
			};
			name = Release;
		};
		0441C79F24EE7C4E00A5E52F /* Debug */ = {
			isa = XCBuildConfiguration;
			buildSettings = {
				ALWAYS_EMBED_SWIFT_STANDARD_LIBRARIES = YES;
				CODE_SIGN_STYLE = Automatic;
				DEVELOPMENT_TEAM = 849Q9294D2;
				INFOPLIST_FILE = MAJIProjectUITests/Info.plist;
				LD_RUNPATH_SEARCH_PATHS = (
					"$(inherited)",
					"@executable_path/Frameworks",
					"@loader_path/Frameworks",
				);
				PRODUCT_BUNDLE_IDENTIFIER = com.modu.MAJIProjectUITests;
				PRODUCT_NAME = "$(TARGET_NAME)";
				SWIFT_VERSION = 5.0;
				TARGETED_DEVICE_FAMILY = "1,2";
				TEST_TARGET_NAME = MAJIProject;
			};
			name = Debug;
		};
		0441C7A024EE7C4E00A5E52F /* Release */ = {
			isa = XCBuildConfiguration;
			buildSettings = {
				ALWAYS_EMBED_SWIFT_STANDARD_LIBRARIES = YES;
				CODE_SIGN_STYLE = Automatic;
				DEVELOPMENT_TEAM = 849Q9294D2;
				INFOPLIST_FILE = MAJIProjectUITests/Info.plist;
				LD_RUNPATH_SEARCH_PATHS = (
					"$(inherited)",
					"@executable_path/Frameworks",
					"@loader_path/Frameworks",
				);
				PRODUCT_BUNDLE_IDENTIFIER = com.modu.MAJIProjectUITests;
				PRODUCT_NAME = "$(TARGET_NAME)";
				SWIFT_VERSION = 5.0;
				TARGETED_DEVICE_FAMILY = "1,2";
				TEST_TARGET_NAME = MAJIProject;
			};
			name = Release;
		};
/* End XCBuildConfiguration section */

/* Begin XCConfigurationList section */
		0441C76924EE7C4C00A5E52F /* Build configuration list for PBXProject "MAJIProject" */ = {
			isa = XCConfigurationList;
			buildConfigurations = (
				0441C79624EE7C4E00A5E52F /* Debug */,
				0441C79724EE7C4E00A5E52F /* Release */,
			);
			defaultConfigurationIsVisible = 0;
			defaultConfigurationName = Release;
		};
		0441C79824EE7C4E00A5E52F /* Build configuration list for PBXNativeTarget "MAJIProject" */ = {
			isa = XCConfigurationList;
			buildConfigurations = (
				0441C79924EE7C4E00A5E52F /* Debug */,
				0441C79A24EE7C4E00A5E52F /* Release */,
			);
			defaultConfigurationIsVisible = 0;
			defaultConfigurationName = Release;
		};
		0441C79B24EE7C4E00A5E52F /* Build configuration list for PBXNativeTarget "MAJIProjectTests" */ = {
			isa = XCConfigurationList;
			buildConfigurations = (
				0441C79C24EE7C4E00A5E52F /* Debug */,
				0441C79D24EE7C4E00A5E52F /* Release */,
			);
			defaultConfigurationIsVisible = 0;
			defaultConfigurationName = Release;
		};
		0441C79E24EE7C4E00A5E52F /* Build configuration list for PBXNativeTarget "MAJIProjectUITests" */ = {
			isa = XCConfigurationList;
			buildConfigurations = (
				0441C79F24EE7C4E00A5E52F /* Debug */,
				0441C7A024EE7C4E00A5E52F /* Release */,
			);
			defaultConfigurationIsVisible = 0;
			defaultConfigurationName = Release;
		};
/* End XCConfigurationList section */
	};
	rootObject = 0441C76624EE7C4C00A5E52F /* Project object */;
}
